{
  "name": "veui-theme-dux",
  "version": "0.2.4",
  "lockfileVersion": 1,
  "requires": true,
  "dependencies": {
    "dom-classlist": {
      "version": "1.0.1",
      "resolved": "https://registry.npmjs.org/dom-classlist/-/dom-classlist-1.0.1.tgz",
      "integrity": "sha1-cigU3C9QnT19BvJTO6n/SO7qWbk="
    },
    "less-plugin-est": {
      "version": "2.0.5",
      "resolved": "http://registry.npm.taobao.org/less-plugin-est/download/less-plugin-est-2.0.5.tgz",
      "integrity": "sha1-5SiMZCfIZRxqL3iF5DkrGoCckZM="
    },
    "wicg-focus-ring": {
      "version": "2.0.1",
      "resolved": "https://registry.npmjs.org/wicg-focus-ring/-/wicg-focus-ring-2.0.1.tgz",
      "integrity": "sha512-9nxaZ4xA/KKG9hygDRCvorx+QNuyQAM6SDI/GqlsZ3Kh5ABFWDMiAtJtD8cwk61LDwsiJwLFkChS4qwX/Q8suw==",
      "requires": {
        "dom-classlist": "1.0.1"
      }
    }
  }
}
