{
	"name": "veui-theme-dls-icons",
	"version": "2.1.4",
	"lockfileVersion": 1,
	"requires": true,
	"dependencies": {
		"@rollup/plugin-commonjs": {
			"version": "20.0.0",
			"resolved": "https://registry.npmjs.org/@rollup/plugin-commonjs/-/plugin-commonjs-20.0.0.tgz",
			"integrity": "sha512-5K0g5W2Ol8hAcTHqcTBHiA7M58tfmYi1o9KxeJuuRNpGaTa5iLjcyemBitCBcKXaHamOBBEH2dGom6v6Unmqjg==",
			"dev": true,
			"requires": {
				"@rollup/pluginutils": "^3.1.0",
				"commondir": "^1.0.1",
				"estree-walker": "^2.0.1",
				"glob": "^7.1.6",
				"is-reference": "^1.2.1",
				"magic-string": "^0.25.7",
				"resolve": "^1.17.0"
			}
		},
		"@rollup/plugin-node-resolve": {
			"version": "13.0.4",
			"resolved": "https://registry.npmjs.org/@rollup/plugin-node-resolve/-/plugin-node-resolve-13.0.4.tgz",
			"integrity": "sha512-eYq4TFy40O8hjeDs+sIxEH/jc9lyuI2k9DM557WN6rO5OpnC2qXMBNj4IKH1oHrnAazL49C5p0tgP0/VpqJ+/w==",
			"dev": true,
			"requires": {
				"@rollup/pluginutils": "^3.1.0",
				"@types/resolve": "1.17.1",
				"builtin-modules": "^3.1.0",
				"deepmerge": "^4.2.2",
				"is-module": "^1.0.0",
				"resolve": "^1.19.0"
			}
		},
		"@rollup/pluginutils": {
			"version": "3.1.0",
			"resolved": "https://registry.npmjs.org/@rollup/pluginutils/-/pluginutils-3.1.0.tgz",
			"integrity": "sha512-GksZ6pr6TpIjHm8h9lSQ8pi8BE9VeubNT0OMJ3B5uZJ8pz73NPiqOtCog/x2/QzM1ENChPKxMDhiQuRHsqc+lg==",
			"dev": true,
			"requires": {
				"@types/estree": "0.0.39",
				"estree-walker": "^1.0.1",
				"picomatch": "^2.2.2"
			},
			"dependencies": {
				"estree-walker": {
					"version": "1.0.1",
					"resolved": "https://registry.npmjs.org/estree-walker/-/estree-walker-1.0.1.tgz",
					"integrity": "sha512-1fMXF3YP4pZZVozF8j/ZLfvnR8NSIljt56UhbZ5PeeDmmGHpgpdwQt7ITlGvYaQukCvuBRMLEiKiYC+oeIg4cg==",
					"dev": true
				}
			}
		},
		"@types/estree": {
			"version": "0.0.39",
			"resolved": "https://registry.npmjs.org/@types/estree/-/estree-0.0.39.tgz",
			"integrity": "sha512-EYNwp3bU+98cpU4lAWYYL7Zz+2gryWH1qbdDTidVd6hkiR6weksdbMadyXKXNPEkQFhXM+hVO9ZygomHXp+AIw==",
			"dev": true
		},
		"@types/node": {
			"version": "16.9.1",
			"resolved": "https://registry.npmjs.org/@types/node/-/node-16.9.1.tgz",
			"integrity": "sha512-QpLcX9ZSsq3YYUUnD3nFDY8H7wctAhQj/TFKL8Ya8v5fMm3CFXxo8zStsLAl780ltoYoo1WvKUVGBQK+1ifr7g==",
			"dev": true
		},
		"@types/resolve": {
			"version": "1.17.1",
			"resolved": "https://registry.npmjs.org/@types/resolve/-/resolve-1.17.1.tgz",
			"integrity": "sha512-yy7HuzQhj0dhGpD8RLXSZWEkLsV9ibvxvi6EiJ3bkqLAO1RGo0WbkWQiwpRlSFymTJRz0d3k5LM3kkx8ArDbLw==",
			"dev": true,
			"requires": {
				"@types/node": "*"
			}
		},
		"balanced-match": {
			"version": "1.0.2",
			"resolved": "https://registry.npmjs.org/balanced-match/-/balanced-match-1.0.2.tgz",
			"integrity": "sha512-3oSeUO0TMV67hN1AmbXsK4yaqU7tjiHlbxRDZOpH0KW9+CeX4bRAaX0Anxt0tx2MrpRpWwQaPwIlISEJhYU5Pw==",
			"dev": true
		},
		"brace-expansion": {
			"version": "1.1.11",
			"resolved": "https://registry.npmjs.org/brace-expansion/-/brace-expansion-1.1.11.tgz",
			"integrity": "sha512-iCuPHDFgrHX7H2vEI/5xpz07zSHB00TpugqhmYtVmMO6518mCuRMoOYFldEBl0g187ufozdaHgWKcYFb61qGiA==",
			"dev": true,
			"requires": {
				"balanced-match": "^1.0.0",
				"concat-map": "0.0.1"
			}
		},
		"builtin-modules": {
			"version": "3.2.0",
			"resolved": "https://registry.npmjs.org/builtin-modules/-/builtin-modules-3.2.0.tgz",
			"integrity": "sha512-lGzLKcioL90C7wMczpkY0n/oART3MbBa8R9OFGE1rJxoVI86u4WAGfEk8Wjv10eKSyTHVGkSo3bvBylCEtk7LA==",
			"dev": true
		},
		"commondir": {
			"version": "1.0.1",
			"resolved": "https://registry.npmjs.org/commondir/-/commondir-1.0.1.tgz",
			"integrity": "sha1-3dgA2gxmEnOTzKWVDqloo6rxJTs=",
			"dev": true
		},
		"concat-map": {
			"version": "0.0.1",
			"resolved": "https://registry.npmjs.org/concat-map/-/concat-map-0.0.1.tgz",
			"integrity": "sha1-2Klr13/Wjfd5OnMDajug1UBdR3s=",
			"dev": true
		},
		"deepmerge": {
			"version": "4.2.2",
			"resolved": "https://registry.npmjs.org/deepmerge/-/deepmerge-4.2.2.tgz",
			"integrity": "sha512-FJ3UgI4gIl+PHZm53knsuSFpE+nESMr7M4v9QcgB7S63Kj/6WqMiFQJpBBYz1Pt+66bZpP3Q7Lye0Oo9MPKEdg==",
			"dev": true
		},
		"dls-icons-data": {
			"version": "1.9.0",
			"resolved": "https://registry.npmjs.org/dls-icons-data/-/dls-icons-data-1.9.0.tgz",
			"integrity": "sha512-mOqT4YvODPig2cuOg4JcyV2uSB3+epPtjzSiI0ZJzXH+7OIv1DnvpnclUnaT9rFA5+IcQ7zhEL2i104KKufyqA=="
		},
		"dls-icons-vue": {
			"version": "1.9.0",
			"resolved": "https://registry.npmjs.org/dls-icons-vue/-/dls-icons-vue-1.9.0.tgz",
			"integrity": "sha512-42ezBTZFkhEN4fVoCrjoOl36NsRuSlaAmPiLOuUbMBV/sAQW3gon5nU+N1s15PJw2ca4ABYT76gw3KBSU04vew==",
			"requires": {
				"dls-icons-data": "^1.9.0"
			}
		},
		"esm": {
			"version": "3.2.25",
			"resolved": "https://registry.npmjs.org/esm/-/esm-3.2.25.tgz",
			"integrity": "sha512-U1suiZ2oDVWv4zPO56S0NcR5QriEahGtdN2OR6FiOG4WJvcjBVFB0qI4+eKoWFH483PKGuLuu6V8Z4T5g63UVA==",
			"dev": true
		},
		"estree-walker": {
			"version": "2.0.2",
			"resolved": "https://registry.npmjs.org/estree-walker/-/estree-walker-2.0.2.tgz",
			"integrity": "sha512-Rfkk/Mp/DL7JVje3u18FxFujQlTNR2q6QfMSMB7AvCBx91NGj/ba3kCfza0f6dVDbw7YlRf/nDrn7pQrCCyQ/w==",
			"dev": true
		},
		"fs.realpath": {
			"version": "1.0.0",
			"resolved": "https://registry.npmjs.org/fs.realpath/-/fs.realpath-1.0.0.tgz",
			"integrity": "sha1-FQStJSMVjKpA20onh8sBQRmU6k8=",
			"dev": true
		},
		"fsevents": {
			"version": "2.3.2",
			"resolved": "https://registry.npmjs.org/fsevents/-/fsevents-2.3.2.tgz",
			"integrity": "sha512-xiqMQR4xAeHTuB9uWm+fFRcIOgKBMiOBP+eXiyT7jsgVCq1bkVygt00oASowB7EdtpOHaaPgKt812P9ab+DDKA==",
			"dev": true,
			"optional": true
		},
		"function-bind": {
			"version": "1.1.1",
			"resolved": "https://registry.npmjs.org/function-bind/-/function-bind-1.1.1.tgz",
			"integrity": "sha512-yIovAzMX49sF8Yl58fSCWJ5svSLuaibPxXQJFLmBObTuCr0Mf1KiPopGM9NiFjiYBCbfaa2Fh6breQ6ANVTI0A==",
			"dev": true
		},
		"glob": {
			"version": "7.1.7",
			"resolved": "https://registry.npmjs.org/glob/-/glob-7.1.7.tgz",
			"integrity": "sha512-OvD9ENzPLbegENnYP5UUfJIirTg4+XwMWGaQfQTY0JenxNvvIKP3U3/tAQSPIu/lHxXYSZmpXlUHeqAIdKzBLQ==",
			"dev": true,
			"requires": {
				"fs.realpath": "^1.0.0",
				"inflight": "^1.0.4",
				"inherits": "2",
				"minimatch": "^3.0.4",
				"once": "^1.3.0",
				"path-is-absolute": "^1.0.0"
			}
		},
		"has": {
			"version": "1.0.3",
			"resolved": "https://registry.npmjs.org/has/-/has-1.0.3.tgz",
			"integrity": "sha512-f2dvO0VU6Oej7RkWJGrehjbzMAjFp5/VKPp5tTpWIV4JHHZK1/BxbFRtf/siA2SWTe09caDmVtYYzWEIbBS4zw==",
			"dev": true,
			"requires": {
				"function-bind": "^1.1.1"
			}
		},
		"inflight": {
			"version": "1.0.6",
			"resolved": "https://registry.npmjs.org/inflight/-/inflight-1.0.6.tgz",
			"integrity": "sha1-Sb1jMdfQLQwJvJEKEHW6gWW1bfk=",
			"dev": true,
			"requires": {
				"once": "^1.3.0",
				"wrappy": "1"
			}
		},
		"inherits": {
			"version": "2.0.4",
			"resolved": "https://registry.npmjs.org/inherits/-/inherits-2.0.4.tgz",
			"integrity": "sha512-k/vGaX4/Yla3WzyMCvTQOXYeIHvqOKtnqBduzTHpzpQZzAskKMhZ2K+EnBiSM9zGSoIFeMpXKxa4dYeZIQqewQ==",
			"dev": true
		},
		"is-core-module": {
			"version": "2.6.0",
			"resolved": "https://registry.npmjs.org/is-core-module/-/is-core-module-2.6.0.tgz",
			"integrity": "sha512-wShG8vs60jKfPWpF2KZRaAtvt3a20OAn7+IJ6hLPECpSABLcKtFKTTI4ZtH5QcBruBHlq+WsdHWyz0BCZW7svQ==",
			"dev": true,
			"requires": {
				"has": "^1.0.3"
			}
		},
		"is-module": {
			"version": "1.0.0",
			"resolved": "https://registry.npmjs.org/is-module/-/is-module-1.0.0.tgz",
			"integrity": "sha1-Mlj7afeMFNW4FdZkM2tM/7ZEFZE=",
			"dev": true
		},
		"is-reference": {
			"version": "1.2.1",
			"resolved": "https://registry.npmjs.org/is-reference/-/is-reference-1.2.1.tgz",
			"integrity": "sha512-U82MsXXiFIrjCK4otLT+o2NA2Cd2g5MLoOVXUZjIOhLurrRxpEXzI8O0KZHr3IjLvlAH1kTPYSuqer5T9ZVBKQ==",
			"dev": true,
			"requires": {
				"@types/estree": "*"
			}
		},
		"magic-string": {
			"version": "0.25.7",
			"resolved": "https://registry.npmjs.org/magic-string/-/magic-string-0.25.7.tgz",
			"integrity": "sha512-4CrMT5DOHTDk4HYDlzmwu4FVCcIYI8gauveasrdCu2IKIFOJ3f0v/8MDGJCDL9oD2ppz/Av1b0Nj345H9M+XIA==",
			"dev": true,
			"requires": {
				"sourcemap-codec": "^1.4.4"
			}
		},
		"minimatch": {
			"version": "3.0.4",
			"resolved": "https://registry.npmjs.org/minimatch/-/minimatch-3.0.4.tgz",
			"integrity": "sha512-yJHVQEhyqPLUTgt9B83PXu6W3rx4MvvHvSUvToogpwoGDOUQ+yDrR0HRot+yOCdCO7u4hX3pWft6kWBBcqh0UA==",
			"dev": true,
			"requires": {
				"brace-expansion": "^1.1.7"
			}
		},
		"minimist": {
			"version": "1.2.5",
			"resolved": "https://registry.npmjs.org/minimist/-/minimist-1.2.5.tgz",
			"integrity": "sha512-FM9nNUYrRBAELZQT3xeZQ7fmMOBg6nWNmJKTcgsJeaLstP/UODVpGsr5OhXhhXg6f+qtJ8uiZ+PUxkDWcgIXLw==",
			"dev": true
		},
		"mkdirp": {
			"version": "0.5.5",
			"resolved": "https://registry.npmjs.org/mkdirp/-/mkdirp-0.5.5.tgz",
			"integrity": "sha512-NKmAlESf6jMGym1++R0Ra7wvhV+wFW63FaSOFPwRahvea0gMUcGUhVeAg/0BC0wiv9ih5NYPB1Wn1UEI1/L+xQ==",
			"dev": true,
			"requires": {
				"minimist": "^1.2.5"
			}
		},
		"once": {
			"version": "1.4.0",
			"resolved": "https://registry.npmjs.org/once/-/once-1.4.0.tgz",
			"integrity": "sha1-WDsap3WWHUsROsF9nFC6753Xa9E=",
			"dev": true,
			"requires": {
				"wrappy": "1"
			}
		},
		"path-is-absolute": {
			"version": "1.0.1",
			"resolved": "https://registry.npmjs.org/path-is-absolute/-/path-is-absolute-1.0.1.tgz",
			"integrity": "sha1-F0uSaHNVNP+8es5r9TpanhtcX18=",
			"dev": true
		},
		"path-parse": {
			"version": "1.0.7",
			"resolved": "https://registry.npmjs.org/path-parse/-/path-parse-1.0.7.tgz",
			"integrity": "sha512-LDJzPVEEEPR+y48z93A0Ed0yXb8pAByGWo/k5YYdYgpY2/2EsOsksJrq7lOHxryrVOn1ejG6oAp8ahvOIQD8sw==",
			"dev": true
		},
		"picomatch": {
			"version": "2.3.0",
			"resolved": "https://registry.npmjs.org/picomatch/-/picomatch-2.3.0.tgz",
			"integrity": "sha512-lY1Q/PiJGC2zOv/z391WOTD+Z02bCgsFfvxoXXf6h7kv9o+WmsmzYqrAwY63sNgOxE4xEdq0WyUnXfKeBrSvYw==",
			"dev": true
		},
		"resolve": {
			"version": "1.20.0",
			"resolved": "https://registry.npmjs.org/resolve/-/resolve-1.20.0.tgz",
			"integrity": "sha512-wENBPt4ySzg4ybFQW2TT1zMQucPK95HSh/nq2CFTZVOGut2+pQvSsgtda4d26YrYcr067wjbmzOG8byDPBX63A==",
			"dev": true,
			"requires": {
				"is-core-module": "^2.2.0",
				"path-parse": "^1.0.6"
			}
		},
		"rimraf": {
			"version": "2.7.1",
			"resolved": "https://registry.npmjs.org/rimraf/-/rimraf-2.7.1.tgz",
			"integrity": "sha512-uWjbaKIK3T1OSVptzX7Nl6PvQ3qAGtKEtVRjRuazjfL3Bx5eI409VZSqgND+4UNnmzLVdPj9FqFJNPqBZFve4w==",
			"dev": true,
			"requires": {
				"glob": "^7.1.3"
			}
		},
		"rollup": {
			"version": "2.56.3",
			"resolved": "https://registry.npmjs.org/rollup/-/rollup-2.56.3.tgz",
			"integrity": "sha512-Au92NuznFklgQCUcV96iXlxUbHuB1vQMaH76DHl5M11TotjOHwqk9CwcrT78+Tnv4FN9uTBxq6p4EJoYkpyekg==",
			"dev": true,
			"requires": {
				"fsevents": "~2.3.2"
			}
		},
		"sourcemap-codec": {
			"version": "1.4.8",
			"resolved": "https://registry.npmjs.org/sourcemap-codec/-/sourcemap-codec-1.4.8.tgz",
			"integrity": "sha512-9NykojV5Uih4lgo5So5dtw+f0JgJX30KCNI8gwhz2J9A15wD0Ml6tjHKwf6fTSa6fAdVBdZeNOs9eJ71qCk8vA==",
			"dev": true
		},
		"wrappy": {
			"version": "1.0.2",
			"resolved": "https://registry.npmjs.org/wrappy/-/wrappy-1.0.2.tgz",
			"integrity": "sha1-tSQ9jz7BqjXxNkYFvA0QNuMKtp8=",
			"dev": true
		}
	}
}
